
Microsoft Visual Studio Solution File, Format Version 12.00
# Visual Studio 15
VisualStudioVersion = 15.0.26430.14
MinimumVisualStudioVersion = 10.0.40219.1
Project("{FAE04EC0-301F-11D3-BF4B-00C04F79EFBC}") = "Alexw.Examples.SqlConnectionPools.Migrations", "src\Alexw.Examples.SqlConnectionPools.Migrations\Alexw.Examples.SqlConnectionPools.Migrations.csproj", "{D8513D18-B1DC-41A4-A4C0-C490ABAF470E}"
EndProject
Project("{FAE04EC0-301F-11D3-BF4B-00C04F79EFBC}") = "Alexw.Examples.SqlConnectionPools.Host", "src\Alexw.Examples.SqlConnectionPools.Host\Alexw.Examples.SqlConnectionPools.Host.csproj", "{CE3FBE48-2AEB-4CEF-A51A-50DCF31CFCE4}"
EndProject
Global
	GlobalSection(SolutionConfigurationPlatforms) = preSolution
		Debug|Any CPU = Debug|Any CPU
		Release|Any CPU = Release|Any CPU
	EndGlobalSection
	GlobalSection(ProjectConfigurationPlatforms) = postSolution
		{D8513D18-B1DC-41A4-A4C0-C490ABAF470E}.Debug|Any CPU.ActiveCfg = Debug|Any CPU
		{D8513D18-B1DC-41A4-A4C0-C490ABAF470E}.Debug|Any CPU.Build.0 = Debug|Any CPU
		{D8513D18-B1DC-41A4-A4C0-C490ABAF470E}.Release|Any CPU.ActiveCfg = Release|Any CPU
		{D8513D18-B1DC-41A4-A4C0-C490ABAF470E}.Release|Any CPU.Build.0 = Release|Any CPU
		{CE3FBE48-2AEB-4CEF-A51A-50DCF31CFCE4}.Debug|Any CPU.ActiveCfg = Debug|Any CPU
		{CE3FBE48-2AEB-4CEF-A51A-50DCF31CFCE4}.Debug|Any CPU.Build.0 = Debug|Any CPU
		{CE3FBE48-2AEB-4CEF-A51A-50DCF31CFCE4}.Release|Any CPU.ActiveCfg = Release|Any CPU
		{CE3FBE48-2AEB-4CEF-A51A-50DCF31CFCE4}.Release|Any CPU.Build.0 = Release|Any CPU
	EndGlobalSection
	GlobalSection(SolutionProperties) = preSolution
		HideSolutionNode = FALSE
	EndGlobalSection
EndGlobal
